PODS:
  - Alamofire (4.2.0)
  - Kingfisher (4.10.1)
  - SwiftyJSON (3.1.4)

DEPENDENCIES:
  - Alamofire (= 4.2.0)
  - Kingfisher (= 4.10.1)
  - SwiftyJSON (= 3.1.4)

SPEC REPOS:
  https://github.com/cocoapods/specs.git:
    - Alamofire
    - Kingfisher
    - SwiftyJSON

SPEC CHECKSUMS:
  Alamofire: aa2e09d871c9160ac53c90e83c68064a94e3dfbe
  Kingfisher: c148cd7b47ebde9989f6bc7c27dcaa79d81279a0
  SwiftyJSON: c2842d878f95482ffceec5709abc3d05680c0220

PODFILE CHECKSUM: d75e65451d8b58ec78afcaab26d1c309411e5772

COCOAPODS: 1.5.3
